# Generated by buf. DO NOT EDIT.
version: v1
deps:
  - remote: buf.build
    owner: meshtastic
    repository: protobufs
    commit: 584e30dfb2f34b23813389f9a97b9201
    digest: shake256:2d2c9f62a0abe0fc2ffcb59353fcc530ba3a8b6c471c3a44e56d9e3e7df50b0823eb9c71f7c93fd97322016123dc7460b5d80c4b41308054b24dd4fe1af1304f
